
Microsoft Visual Studio Solution File, Format Version 12.00
# Visual Studio 15
VisualStudioVersion = 15.0.27428.2011
MinimumVisualStudioVersion = 10.0.40219.1
Project("{FAE04EC0-301F-11D3-BF4B-00C04F79EFBC}") = "App", "App\App.csproj", "{CB468998-9E4F-45BE-BA68-1AD8F74D167B}"
EndProject
Project("{FAE04EC0-301F-11D3-BF4B-00C04F79EFBC}") = "Models", "Models\Models.csproj", "{3AF6AB3D-2172-469D-901A-EB498BB7B7D6}"
EndProject
Project("{FAE04EC0-301F-11D3-BF4B-00C04F79EFBC}") = "Data", "Data\Data.csproj", "{F2C36709-F3F1-4FC2-899E-2DF61128A770}"
EndProject
Global
	GlobalSection(SolutionConfigurationPlatforms) = preSolution
		Debug|Any CPU = Debug|Any CPU
		Release|Any CPU = Release|Any CPU
	EndGlobalSection
	GlobalSection(ProjectConfigurationPlatforms) = postSolution
		{CB468998-9E4F-45BE-BA68-1AD8F74D167B}.Debug|Any CPU.ActiveCfg = Debug|Any CPU
		{CB468998-9E4F-45BE-BA68-1AD8F74D167B}.Debug|Any CPU.Build.0 = Debug|Any CPU
		{CB468998-9E4F-45BE-BA68-1AD8F74D167B}.Release|Any CPU.ActiveCfg = Release|Any CPU
		{CB468998-9E4F-45BE-BA68-1AD8F74D167B}.Release|Any CPU.Build.0 = Release|Any CPU
		{3AF6AB3D-2172-469D-901A-EB498BB7B7D6}.Debug|Any CPU.ActiveCfg = Debug|Any CPU
		{3AF6AB3D-2172-469D-901A-EB498BB7B7D6}.Debug|Any CPU.Build.0 = Debug|Any CPU
		{3AF6AB3D-2172-469D-901A-EB498BB7B7D6}.Release|Any CPU.ActiveCfg = Release|Any CPU
		{3AF6AB3D-2172-469D-901A-EB498BB7B7D6}.Release|Any CPU.Build.0 = Release|Any CPU
		{F2C36709-F3F1-4FC2-899E-2DF61128A770}.Debug|Any CPU.ActiveCfg = Debug|Any CPU
		{F2C36709-F3F1-4FC2-899E-2DF61128A770}.Debug|Any CPU.Build.0 = Debug|Any CPU
		{F2C36709-F3F1-4FC2-899E-2DF61128A770}.Release|Any CPU.ActiveCfg = Release|Any CPU
		{F2C36709-F3F1-4FC2-899E-2DF61128A770}.Release|Any CPU.Build.0 = Release|Any CPU
	EndGlobalSection
	GlobalSection(SolutionProperties) = preSolution
		HideSolutionNode = FALSE
	EndGlobalSection
	GlobalSection(ExtensibilityGlobals) = postSolution
		SolutionGuid = {530DCEDE-CE37-4331-BA38-348D2E31BE7E}
	EndGlobalSection
EndGlobal
