
Microsoft Visual Studio Solution File, Format Version 12.00
# Visual Studio 15
VisualStudioVersion = 15.0.27428.2011
MinimumVisualStudioVersion = 10.0.40219.1
Project("{FAE04EC0-301F-11D3-BF4B-00C04F79EFBC}") = "P01_StudentSystem", "P01_StudentSystem\P01_StudentSystem.csproj", "{ECD18467-099B-4B5F-ADE8-B0496B480082}"
EndProject
Global
	GlobalSection(SolutionConfigurationPlatforms) = preSolution
		Debug|Any CPU = Debug|Any CPU
		Release|Any CPU = Release|Any CPU
	EndGlobalSection
	GlobalSection(ProjectConfigurationPlatforms) = postSolution
		{ECD18467-099B-4B5F-ADE8-B0496B480082}.Debug|Any CPU.ActiveCfg = Debug|Any CPU
		{ECD18467-099B-4B5F-ADE8-B0496B480082}.Debug|Any CPU.Build.0 = Debug|Any CPU
		{ECD18467-099B-4B5F-ADE8-B0496B480082}.Release|Any CPU.ActiveCfg = Release|Any CPU
		{ECD18467-099B-4B5F-ADE8-B0496B480082}.Release|Any CPU.Build.0 = Release|Any CPU
	EndGlobalSection
	GlobalSection(SolutionProperties) = preSolution
		HideSolutionNode = FALSE
	EndGlobalSection
	GlobalSection(ExtensibilityGlobals) = postSolution
		SolutionGuid = {15D1234E-BE25-4137-AE01-A6AF4F4A9F9F}
	EndGlobalSection
EndGlobal
