
Microsoft Visual Studio Solution File, Format Version 12.00
# Visual Studio 15
VisualStudioVersion = 15.0.27428.2011
MinimumVisualStudioVersion = 10.0.40219.1
Project("{FAE04EC0-301F-11D3-BF4B-00C04F79EFBC}") = "P03_FootballBetting", "P03_FootballBetting\P03_FootballBetting.csproj", "{02D0EB66-BAC2-4975-9C16-05FE4BBE9F4B}"
EndProject
Global
	GlobalSection(SolutionConfigurationPlatforms) = preSolution
		Debug|Any CPU = Debug|Any CPU
		Release|Any CPU = Release|Any CPU
	EndGlobalSection
	GlobalSection(ProjectConfigurationPlatforms) = postSolution
		{02D0EB66-BAC2-4975-9C16-05FE4BBE9F4B}.Debug|Any CPU.ActiveCfg = Debug|Any CPU
		{02D0EB66-BAC2-4975-9C16-05FE4BBE9F4B}.Debug|Any CPU.Build.0 = Debug|Any CPU
		{02D0EB66-BAC2-4975-9C16-05FE4BBE9F4B}.Release|Any CPU.ActiveCfg = Release|Any CPU
		{02D0EB66-BAC2-4975-9C16-05FE4BBE9F4B}.Release|Any CPU.Build.0 = Release|Any CPU
	EndGlobalSection
	GlobalSection(SolutionProperties) = preSolution
		HideSolutionNode = FALSE
	EndGlobalSection
	GlobalSection(ExtensibilityGlobals) = postSolution
		SolutionGuid = {767CB42B-DE33-4704-81D4-0471914C0820}
	EndGlobalSection
EndGlobal
