
Microsoft Visual Studio Solution File, Format Version 12.00
# Visual Studio 15
VisualStudioVersion = 15.0.27428.2011
MinimumVisualStudioVersion = 10.0.40219.1
Project("{9A19103F-16F7-4668-BE54-9A1E7A4F7556}") = "CarDealer.App", "CarDealer.App\CarDealer.App.csproj", "{64615826-6CBA-4D68-8C7E-001F5D6FB03D}"
EndProject
Project("{9A19103F-16F7-4668-BE54-9A1E7A4F7556}") = "CarDealer.Data", "CarDealer.Data\CarDealer.Data.csproj", "{72625330-D696-4CAF-A334-6A389B6EE0E8}"
EndProject
Project("{9A19103F-16F7-4668-BE54-9A1E7A4F7556}") = "CarDealer.Models", "CarDealerModels\CarDealer.Models.csproj", "{AC2B029E-AA16-465A-A04C-07D31E575F26}"
EndProject
Global
	GlobalSection(SolutionConfigurationPlatforms) = preSolution
		Debug|Any CPU = Debug|Any CPU
		Release|Any CPU = Release|Any CPU
	EndGlobalSection
	GlobalSection(ProjectConfigurationPlatforms) = postSolution
		{64615826-6CBA-4D68-8C7E-001F5D6FB03D}.Debug|Any CPU.ActiveCfg = Debug|Any CPU
		{64615826-6CBA-4D68-8C7E-001F5D6FB03D}.Debug|Any CPU.Build.0 = Debug|Any CPU
		{64615826-6CBA-4D68-8C7E-001F5D6FB03D}.Release|Any CPU.ActiveCfg = Release|Any CPU
		{64615826-6CBA-4D68-8C7E-001F5D6FB03D}.Release|Any CPU.Build.0 = Release|Any CPU
		{72625330-D696-4CAF-A334-6A389B6EE0E8}.Debug|Any CPU.ActiveCfg = Debug|Any CPU
		{72625330-D696-4CAF-A334-6A389B6EE0E8}.Debug|Any CPU.Build.0 = Debug|Any CPU
		{72625330-D696-4CAF-A334-6A389B6EE0E8}.Release|Any CPU.ActiveCfg = Release|Any CPU
		{72625330-D696-4CAF-A334-6A389B6EE0E8}.Release|Any CPU.Build.0 = Release|Any CPU
		{AC2B029E-AA16-465A-A04C-07D31E575F26}.Debug|Any CPU.ActiveCfg = Debug|Any CPU
		{AC2B029E-AA16-465A-A04C-07D31E575F26}.Debug|Any CPU.Build.0 = Debug|Any CPU
		{AC2B029E-AA16-465A-A04C-07D31E575F26}.Release|Any CPU.ActiveCfg = Release|Any CPU
		{AC2B029E-AA16-465A-A04C-07D31E575F26}.Release|Any CPU.Build.0 = Release|Any CPU
	EndGlobalSection
	GlobalSection(SolutionProperties) = preSolution
		HideSolutionNode = FALSE
	EndGlobalSection
	GlobalSection(ExtensibilityGlobals) = postSolution
		SolutionGuid = {DC42B6FA-C33A-4770-BD48-9590D3C7DD04}
	EndGlobalSection
EndGlobal
