
Microsoft Visual Studio Solution File, Format Version 12.00
# Visual Studio 15
VisualStudioVersion = 15.0.27428.2011
MinimumVisualStudioVersion = 10.0.40219.1
Project("{FAE04EC0-301F-11D3-BF4B-00C04F79EFBC}") = "ProductShop.App", "ProductShop.App\ProductShop.App.csproj", "{933641FB-7F93-4323-A73D-EF390388F2FF}"
EndProject
Project("{FAE04EC0-301F-11D3-BF4B-00C04F79EFBC}") = "ProductShop.Data", "ProductShop.Data\ProductShop.Data.csproj", "{B27007E1-6699-4E85-BA6B-996F8E99A460}"
EndProject
Project("{FAE04EC0-301F-11D3-BF4B-00C04F79EFBC}") = "ProductShop.Models", "ProductShop.Models\ProductShop.Models.csproj", "{EABB1916-FBF9-4CA9-97F1-AFC0463C72F7}"
EndProject
Global
	GlobalSection(SolutionConfigurationPlatforms) = preSolution
		Debug|Any CPU = Debug|Any CPU
		Release|Any CPU = Release|Any CPU
	EndGlobalSection
	GlobalSection(ProjectConfigurationPlatforms) = postSolution
		{933641FB-7F93-4323-A73D-EF390388F2FF}.Debug|Any CPU.ActiveCfg = Debug|Any CPU
		{933641FB-7F93-4323-A73D-EF390388F2FF}.Debug|Any CPU.Build.0 = Debug|Any CPU
		{933641FB-7F93-4323-A73D-EF390388F2FF}.Release|Any CPU.ActiveCfg = Release|Any CPU
		{933641FB-7F93-4323-A73D-EF390388F2FF}.Release|Any CPU.Build.0 = Release|Any CPU
		{B27007E1-6699-4E85-BA6B-996F8E99A460}.Debug|Any CPU.ActiveCfg = Debug|Any CPU
		{B27007E1-6699-4E85-BA6B-996F8E99A460}.Debug|Any CPU.Build.0 = Debug|Any CPU
		{B27007E1-6699-4E85-BA6B-996F8E99A460}.Release|Any CPU.ActiveCfg = Release|Any CPU
		{B27007E1-6699-4E85-BA6B-996F8E99A460}.Release|Any CPU.Build.0 = Release|Any CPU
		{EABB1916-FBF9-4CA9-97F1-AFC0463C72F7}.Debug|Any CPU.ActiveCfg = Debug|Any CPU
		{EABB1916-FBF9-4CA9-97F1-AFC0463C72F7}.Debug|Any CPU.Build.0 = Debug|Any CPU
		{EABB1916-FBF9-4CA9-97F1-AFC0463C72F7}.Release|Any CPU.ActiveCfg = Release|Any CPU
		{EABB1916-FBF9-4CA9-97F1-AFC0463C72F7}.Release|Any CPU.Build.0 = Release|Any CPU
	EndGlobalSection
	GlobalSection(SolutionProperties) = preSolution
		HideSolutionNode = FALSE
	EndGlobalSection
	GlobalSection(ExtensibilityGlobals) = postSolution
		SolutionGuid = {5D26835C-C31C-46C8-8873-70DC54823EAF}
	EndGlobalSection
EndGlobal
