
Microsoft Visual Studio Solution File, Format Version 12.00
# Visual Studio 15
VisualStudioVersion = 15.0.27428.2011
MinimumVisualStudioVersion = 10.0.40219.1
Project("{FAE04EC0-301F-11D3-BF4B-00C04F79EFBC}") = "CarDealer.App", "CarDealer.App\CarDealer.App.csproj", "{0757EA7C-48EB-43CE-B855-F2D30DD148F3}"
EndProject
Project("{FAE04EC0-301F-11D3-BF4B-00C04F79EFBC}") = "CarDealer.Data", "CarDealer.Data\CarDealer.Data.csproj", "{64FC91B6-C7AD-4C65-A078-1AABB0C4EF1C}"
EndProject
Project("{FAE04EC0-301F-11D3-BF4B-00C04F79EFBC}") = "CarDealer.Models", "CarDealer.Models\CarDealer.Models.csproj", "{13D2D97C-43AE-4F88-AB48-0B2E30869083}"
EndProject
Global
	GlobalSection(SolutionConfigurationPlatforms) = preSolution
		Debug|Any CPU = Debug|Any CPU
		Release|Any CPU = Release|Any CPU
	EndGlobalSection
	GlobalSection(ProjectConfigurationPlatforms) = postSolution
		{0757EA7C-48EB-43CE-B855-F2D30DD148F3}.Debug|Any CPU.ActiveCfg = Debug|Any CPU
		{0757EA7C-48EB-43CE-B855-F2D30DD148F3}.Debug|Any CPU.Build.0 = Debug|Any CPU
		{0757EA7C-48EB-43CE-B855-F2D30DD148F3}.Release|Any CPU.ActiveCfg = Release|Any CPU
		{0757EA7C-48EB-43CE-B855-F2D30DD148F3}.Release|Any CPU.Build.0 = Release|Any CPU
		{64FC91B6-C7AD-4C65-A078-1AABB0C4EF1C}.Debug|Any CPU.ActiveCfg = Debug|Any CPU
		{64FC91B6-C7AD-4C65-A078-1AABB0C4EF1C}.Debug|Any CPU.Build.0 = Debug|Any CPU
		{64FC91B6-C7AD-4C65-A078-1AABB0C4EF1C}.Release|Any CPU.ActiveCfg = Release|Any CPU
		{64FC91B6-C7AD-4C65-A078-1AABB0C4EF1C}.Release|Any CPU.Build.0 = Release|Any CPU
		{13D2D97C-43AE-4F88-AB48-0B2E30869083}.Debug|Any CPU.ActiveCfg = Debug|Any CPU
		{13D2D97C-43AE-4F88-AB48-0B2E30869083}.Debug|Any CPU.Build.0 = Debug|Any CPU
		{13D2D97C-43AE-4F88-AB48-0B2E30869083}.Release|Any CPU.ActiveCfg = Release|Any CPU
		{13D2D97C-43AE-4F88-AB48-0B2E30869083}.Release|Any CPU.Build.0 = Release|Any CPU
	EndGlobalSection
	GlobalSection(SolutionProperties) = preSolution
		HideSolutionNode = FALSE
	EndGlobalSection
	GlobalSection(ExtensibilityGlobals) = postSolution
		SolutionGuid = {F7FCB25F-4679-41EA-B379-D2438BF705CD}
	EndGlobalSection
EndGlobal
