
Microsoft Visual Studio Solution File, Format Version 12.00
# Visual Studio 15
VisualStudioVersion = 15.0.27428.2011
MinimumVisualStudioVersion = 10.0.40219.1
Project("{9A19103F-16F7-4668-BE54-9A1E7A4F7556}") = "P01_HospitalDatabase", "P01_HospitalDatabase\P01_HospitalDatabase.csproj", "{499F2259-C85C-41DC-AD06-52EC8FBAF5BC}"
EndProject
Project("{9A19103F-16F7-4668-BE54-9A1E7A4F7556}") = "HospitalDatabase", "HospitalDatabase\HospitalDatabase.csproj", "{28EEC796-3524-4BE6-BE8D-8B7665198C9A}"
EndProject
Project("{9A19103F-16F7-4668-BE54-9A1E7A4F7556}") = "HospitalDatabaseInitializer", "..\Samples\Hospital\HospitalDatabaseInitializer.csproj", "{8BDFEB01-B145-4EE8-A120-1FE4795E55DE}"
EndProject
Global
	GlobalSection(SolutionConfigurationPlatforms) = preSolution
		Debug|Any CPU = Debug|Any CPU
		Release|Any CPU = Release|Any CPU
	EndGlobalSection
	GlobalSection(ProjectConfigurationPlatforms) = postSolution
		{499F2259-C85C-41DC-AD06-52EC8FBAF5BC}.Debug|Any CPU.ActiveCfg = Debug|Any CPU
		{499F2259-C85C-41DC-AD06-52EC8FBAF5BC}.Debug|Any CPU.Build.0 = Debug|Any CPU
		{499F2259-C85C-41DC-AD06-52EC8FBAF5BC}.Release|Any CPU.ActiveCfg = Release|Any CPU
		{499F2259-C85C-41DC-AD06-52EC8FBAF5BC}.Release|Any CPU.Build.0 = Release|Any CPU
		{28EEC796-3524-4BE6-BE8D-8B7665198C9A}.Debug|Any CPU.ActiveCfg = Debug|Any CPU
		{28EEC796-3524-4BE6-BE8D-8B7665198C9A}.Debug|Any CPU.Build.0 = Debug|Any CPU
		{28EEC796-3524-4BE6-BE8D-8B7665198C9A}.Release|Any CPU.ActiveCfg = Release|Any CPU
		{28EEC796-3524-4BE6-BE8D-8B7665198C9A}.Release|Any CPU.Build.0 = Release|Any CPU
		{8BDFEB01-B145-4EE8-A120-1FE4795E55DE}.Debug|Any CPU.ActiveCfg = Debug|Any CPU
		{8BDFEB01-B145-4EE8-A120-1FE4795E55DE}.Debug|Any CPU.Build.0 = Debug|Any CPU
		{8BDFEB01-B145-4EE8-A120-1FE4795E55DE}.Release|Any CPU.ActiveCfg = Release|Any CPU
		{8BDFEB01-B145-4EE8-A120-1FE4795E55DE}.Release|Any CPU.Build.0 = Release|Any CPU
	EndGlobalSection
	GlobalSection(SolutionProperties) = preSolution
		HideSolutionNode = FALSE
	EndGlobalSection
	GlobalSection(ExtensibilityGlobals) = postSolution
		SolutionGuid = {75639AF5-874C-441F-A09B-7408E6B81BA2}
	EndGlobalSection
EndGlobal
